{
  "lockfileVersion": 1,
  "workspaces": {
    "": {
      "name": "contracts",
      "devDependencies": {
        "forge-std": "github:foundry-rs/forge-std#v1.11.0",
      },
    },
  },
  "packages": {
    "forge-std": ["forge-std@github:foundry-rs/forge-std#8e40513", {}, "foundry-rs-forge-std-8e40513"],
  }
}
